schema: '2.0'
stages:
  data_ingestion:
    cmd: python src/data_ingestion.py
    deps:
    - path: src/data_ingestion.py
      hash: md5
      md5: d2a3a37d59f42c1f720e635702a1a2df
      size: 2980
    outs:
    - path: data/raw
      hash: md5
      md5: 1a287d34dc172d9f950c03dae35f7e73.dir
      size: 484846
      nfiles: 2
  data_preprocessing:
    cmd: python src/data_preprocessing.py
    deps:
    - path: data/raw
      hash: md5
      md5: 1a287d34dc172d9f950c03dae35f7e73.dir
      size: 484846
      nfiles: 2
    - path: src/data_preprocessing.py
      hash: md5
      md5: 0753ae1982ae8272e53e82855d9dfeeb
      size: 4005
    outs:
    - path: data/interim
      hash: md5
      md5: d99be5cb2b019d747166f90739fa6d08.dir
      size: 260073
      nfiles: 2
  feature_engineering:
    cmd: python src/feature_engineering.py
    deps:
    - path: data/interim
      hash: md5
      md5: d99be5cb2b019d747166f90739fa6d08.dir
      size: 260073
      nfiles: 2
    - path: src/feature_engineering.py
      hash: md5
      md5: 1032afb5067303e5f413e7bc96aaac93
      size: 3221
    outs:
    - path: data/processed
      hash: md5
      md5: 75e218e1ef3eca0fbee7bf147502a2e7.dir
      size: 1179996
      nfiles: 2
  model_building:
    cmd: python src/model_building.py
    deps:
    - path: data/processed
      hash: md5
      md5: 75e218e1ef3eca0fbee7bf147502a2e7.dir
      size: 1179996
      nfiles: 2
    - path: src/model_building.py
      hash: md5
      md5: 164a8588b363020fd7d5174cb8384c4a
      size: 3857
    outs:
    - path: models/model.pkl
      hash: md5
      md5: 4f417b0d78a7ecf836b2fca0d8a46a17
      size: 1595372
  model_evaluation:
    cmd: python src/model_evaluation.py
    deps:
    - path: models/model.pkl
      hash: md5
      md5: 4f417b0d78a7ecf836b2fca0d8a46a17
      size: 1595372
    - path: src/model_evaluation.py
      hash: md5
      md5: c74c826282b9c9f482098077f77548b3
      size: 3636
    outs:
    - path: reports/metrics.json
      hash: md5
      md5: cd70b13fcb7aec8eba6a134edc0577e5
      size: 145
