schema: '2.0'
stages:
  data_ingestion:
    cmd: python src/data_ingestion.py
    deps:
    - path: src/data_ingestion.py
      hash: md5
      md5: 523972d6f914d683faf732a17fdc87bc
      size: 3660
    params:
      params.yaml:
        data_ingestion.test_size: 0.18
    outs:
    - path: data/raw
      hash: md5
      md5: d0a9681b7bd8db70400dddf432cf1268.dir
      size: 484846
      nfiles: 2
  data_preprocessing:
    cmd: python src/data_preprocessing.py
    deps:
    - path: data/raw
      hash: md5
      md5: d0a9681b7bd8db70400dddf432cf1268.dir
      size: 484846
      nfiles: 2
    - path: src/data_preprocessing.py
      hash: md5
      md5: 0753ae1982ae8272e53e82855d9dfeeb
      size: 4005
    outs:
    - path: data/interim
      hash: md5
      md5: 7dd40f237d49214004bc190ef9d7616c.dir
      size: 259757
      nfiles: 2
  feature_engineering:
    cmd: python src/feature_engineering.py
    deps:
    - path: data/interim
      hash: md5
      md5: 7dd40f237d49214004bc190ef9d7616c.dir
      size: 259757
      nfiles: 2
    - path: src/feature_engineering.py
      hash: md5
      md5: 5309bc4b0a67be635d7683bbd2c5fda8
      size: 3912
    params:
      params.yaml:
        feature_engineering.max_features: 45
    outs:
    - path: data/processed
      hash: md5
      md5: f15b2ffca8a3e418f0e13e7161819a1e.dir
      size: 1064665
      nfiles: 2
  model_building:
    cmd: python src/model_building.py
    deps:
    - path: data/processed
      hash: md5
      md5: f15b2ffca8a3e418f0e13e7161819a1e.dir
      size: 1064665
      nfiles: 2
    - path: src/model_building.py
      hash: md5
      md5: d89cd5ad4e0a57dee184a727899f9565
      size: 4508
    params:
      params.yaml:
        model_building.n_estimators: 25
        model_building.random_state: 2
    outs:
    - path: models/model.pkl
      hash: md5
      md5: 282e8a99d22a0aec67c175e6f95a0887
      size: 971255
  model_evaluation:
    cmd: python src/model_evaluation.py
    deps:
    - path: models/model.pkl
      hash: md5
      md5: 282e8a99d22a0aec67c175e6f95a0887
      size: 971255
    - path: src/model_evaluation.py
      hash: md5
      md5: c74c826282b9c9f482098077f77548b3
      size: 3636
    outs:
    - path: reports/metrics.json
      hash: md5
      md5: ac361e6d18f6507cb1d7bc8aa70af6ae
      size: 145
